
Microsoft Visual Studio Solution File, Format Version 12.00
Project("{FAE04EC0-301F-11D3-BF4B-00C04F79EFBC}") = "MashGamemodeLibrary", "MashGamemodeLibrary\MashGamemodeLibrary.csproj", "{782253CB-2CE3-48E1-B8A2-6048C89B23C3}"
EndProject
Project("{FAE04EC0-301F-11D3-BF4B-00C04F79EFBC}") = "Clockhunt", "Clockhunt\Clockhunt.csproj", "{107873CC-B07B-431E-879E-D783F073B3CB}"
EndProject
Project("{FAE04EC0-301F-11D3-BF4B-00C04F79EFBC}") = "MashAutoUpdatorPlugin", "MashAutoUpdatorPlugin\MashAutoUpdatorPlugin.csproj", "{5378A4B3-0691-4947-B0B4-7C27F02FD6B3}"
EndProject
Project("{2150E333-8FDC-42A3-9474-1A3956D46DE8}") = "Autoupdate", "Autoupdate", "{BEC1740D-73F5-4DFA-9E1D-BDD709DE4D26}"
EndProject
Global
	GlobalSection(SolutionConfigurationPlatforms) = preSolution
		Debug|Any CPU = Debug|Any CPU
		Release|Any CPU = Release|Any CPU
	EndGlobalSection
	GlobalSection(ProjectConfigurationPlatforms) = postSolution
		{782253CB-2CE3-48E1-B8A2-6048C89B23C3}.Debug|Any CPU.ActiveCfg = Debug|Any CPU
		{782253CB-2CE3-48E1-B8A2-6048C89B23C3}.Debug|Any CPU.Build.0 = Debug|Any CPU
		{782253CB-2CE3-48E1-B8A2-6048C89B23C3}.Release|Any CPU.ActiveCfg = Release|Any CPU
		{782253CB-2CE3-48E1-B8A2-6048C89B23C3}.Release|Any CPU.Build.0 = Release|Any CPU
		{107873CC-B07B-431E-879E-D783F073B3CB}.Debug|Any CPU.ActiveCfg = Debug|Any CPU
		{107873CC-B07B-431E-879E-D783F073B3CB}.Debug|Any CPU.Build.0 = Debug|Any CPU
		{107873CC-B07B-431E-879E-D783F073B3CB}.Release|Any CPU.ActiveCfg = Release|Any CPU
		{107873CC-B07B-431E-879E-D783F073B3CB}.Release|Any CPU.Build.0 = Release|Any CPU
		{5378A4B3-0691-4947-B0B4-7C27F02FD6B3}.Debug|Any CPU.ActiveCfg = Debug|Any CPU
		{5378A4B3-0691-4947-B0B4-7C27F02FD6B3}.Debug|Any CPU.Build.0 = Debug|Any CPU
		{5378A4B3-0691-4947-B0B4-7C27F02FD6B3}.Release|Any CPU.ActiveCfg = Release|Any CPU
		{5378A4B3-0691-4947-B0B4-7C27F02FD6B3}.Release|Any CPU.Build.0 = Release|Any CPU
	EndGlobalSection
	GlobalSection(NestedProjects) = preSolution
		{5378A4B3-0691-4947-B0B4-7C27F02FD6B3} = {BEC1740D-73F5-4DFA-9E1D-BDD709DE4D26}
	EndGlobalSection
EndGlobal
